[[package]]
name = "flake8"
version = "4.0.1"
description = "the modular source code checker: pep8 pyflakes and co"
category = "dev"
optional = false
python-versions = ">=3.6"

[package.dependencies]
importlib-metadata = {version = "<4.3", markers = "python_version < \"3.8\""}
mccabe = ">=0.6.0,<0.7.0"
pycodestyle = ">=2.8.0,<2.9.0"
pyflakes = ">=2.4.0,<2.5.0"

[[package]]
name = "greenlet"
version = "1.1.2"
description = "Lightweight in-process concurrent programming"
category = "main"
optional = false
python-versions = ">=2.7,!=3.0.*,!=3.1.*,!=3.2.*,!=3.3.*,!=3.4.*"

[package.extras]
docs = ["sphinx"]

[[package]]
name = "importlib-metadata"
version = "4.2.0"
description = "Read metadata from Python packages"
category = "main"
optional = false
python-versions = ">=3.6"

[package.dependencies]
typing-extensions = {version = ">=3.6.4", markers = "python_version < \"3.8\""}
zipp = ">=0.5"

[package.extras]
docs = ["sphinx", "jaraco.packaging (>=8.2)", "rst.linker (>=1.9)"]
testing = ["pytest (>=4.6)", "pytest-checkdocs (>=2.4)", "pytest-flake8", "pytest-cov", "pytest-enabler (>=1.0.1)", "packaging", "pep517", "pyfakefs", "flufl.flake8", "pytest-black (>=0.3.7)", "pytest-mypy", "importlib-resources (>=1.3)"]

[[package]]
name = "lxml"
version = "4.7.1"
description = "Powerful and Pythonic XML processing library combining libxml2/libxslt with the ElementTree API."
category = "main"
optional = false
python-versions = ">=2.7, !=3.0.*, !=3.1.*, !=3.2.*, !=3.3.*, != 3.4.*"

[package.extras]
cssselect = ["cssselect (>=0.7)"]
html5 = ["html5lib"]
htmlsoup = ["beautifulsoup4"]
source = ["Cython (>=0.29.7)"]

[[package]]
name = "mccabe"
version = "0.6.1"
description = "McCabe checker, plugin for flake8"
category = "dev"
optional = false
python-versions = "*"

[[package]]
name = "nose"
version = "1.3.7"
description = "nose extends unittest to make testing easier"
category = "dev"
optional = false
python-versions = "*"

[[package]]
name = "psycopg2"
version = "2.9.2"
description = "psycopg2 - Python-PostgreSQL Database Adapter"
category = "main"
optional = false
python-versions = ">=3.6"

[[package]]
name = "pycodestyle"
version = "2.8.0"
description = "Python style guide checker"
category = "dev"
optional = false
python-versions = ">=2.7, !=3.0.*, !=3.1.*, !=3.2.*, !=3.3.*, !=3.4.*"

[[package]]
name = "pyflakes"
version = "2.4.0"
description = "passive checker of Python programs"
category = "dev"
optional = false
python-versions = ">=2.7, !=3.0.*, !=3.1.*, !=3.2.*, !=3.3.*"

[[package]]
name = "six"
version = "1.16.0"
description = "Python 2 and 3 compatibility utilities"
category = "main"
optional = false
python-versions = ">=2.7, !=3.0.*, !=3.1.*, !=3.2.*"

[[package]]
name = "sqlalchemy"
version = "1.4.29"
description = "Database Abstraction Library"
category = "main"
optional = false
python-versions = "!=3.0.*,!=3.1.*,!=3.2.*,!=3.3.*,!=3.4.*,!=3.5.*,>=2.7"

[package.dependencies]
greenlet = {version = "!=0.4.17", markers = "python_version >= \"3\" and (platform_machine == \"aarch64\" or platform_machine == \"ppc64le\" or platform_machine == \"x86_64\" or platform_machine == \"amd64\" or platform_machine == \"AMD64\" or platform_machine == \"win32\" or platform_machine == \"WIN32\")"}
importlib-metadata = {version = "*", markers = "python_version < \"3.8\""}

[package.extras]
aiomysql = ["greenlet (!=0.4.17)", "aiomysql"]
aiosqlite = ["typing_extensions (!=3.10.0.1)", "greenlet (!=0.4.17)", "aiosqlite"]
asyncio = ["greenlet (!=0.4.17)"]
asyncmy = ["greenlet (!=0.4.17)", "asyncmy (>=0.2.3)"]
mariadb_connector = ["mariadb (>=1.0.1)"]
mssql = ["pyodbc"]
mssql_pymssql = ["pymssql"]
mssql_pyodbc = ["pyodbc"]
mypy = ["sqlalchemy2-stubs", "mypy (>=0.910)"]
mysql = ["mysqlclient (>=1.4.0,<2)", "mysqlclient (>=1.4.0)"]
mysql_connector = ["mysql-connector-python"]
oracle = ["cx_oracle (>=7,<8)", "cx_oracle (>=7)"]
postgresql = ["psycopg2 (>=2.7)"]
postgresql_asyncpg = ["greenlet (!=0.4.17)", "asyncpg"]
postgresql_pg8000 = ["pg8000 (>=1.16.6)"]
postgresql_psycopg2binary = ["psycopg2-binary"]
postgresql_psycopg2cffi = ["psycopg2cffi"]
pymysql = ["pymysql (<1)", "pymysql"]
sqlcipher = ["sqlcipher3-binary"]

[[package]]
name = "sqlparse"
version = "0.4.2"
description = "A non-validating SQL parser."
category = "main"
optional = false
python-versions = ">=3.5"

[[package]]
name = "typing-extensions"
version = "4.0.1"
description = "Backported and Experimental Type Hints for Python 3.6+"
category = "main"
optional = false
python-versions = ">=3.6"

[[package]]
name = "zipp"
version = "3.6.0"
description = "Backport of pathlib-compatible object wrapper for zip files"
category = "main"
optional = false
python-versions = ">=3.6"

[package.extras]
docs = ["sphinx", "jaraco.packaging (>=8.2)", "rst.linker (>=1.9)"]
testing = ["pytest (>=4.6)", "pytest-checkdocs (>=2.4)", "pytest-flake8", "pytest-cov", "pytest-enabler (>=1.0.1)", "jaraco.itertools", "func-timeout", "pytest-black (>=0.3.7)", "pytest-mypy"]

[extras]
replication = ["psycopg2"]

[metadata]
lock-version = "1.1"
python-versions = "^3.6"
content-hash = "46ac662c2600ebf7b1d6bda1df01d7df5706fccb806b713f3c0846c782f53366"

[metadata.files]
flake8 = [
    {file = "flake8-4.0.1-py2.py3-none-any.whl", hash = "sha256:479b1304f72536a55948cb40a32dce8bb0ffe3501e26eaf292c7e60eb5e0428d"},
    {file = "flake8-4.0.1.tar.gz", hash = "sha256:806e034dda44114815e23c16ef92f95c91e4c71100ff52813adf7132a6ad870d"},
]
greenlet = [
    {file = "greenlet-1.1.2-cp27-cp27m-macosx_10_14_x86_64.whl", hash = "sha256:58df5c2a0e293bf665a51f8a100d3e9956febfbf1d9aaf8c0677cf70218910c6"},
    {file = "greenlet-1.1.2-cp27-cp27m-manylinux1_x86_64.whl", hash = "sha256:aec52725173bd3a7b56fe91bc56eccb26fbdff1386ef123abb63c84c5b43b63a"},
    {file = "greenlet-1.1.2-cp27-cp27m-manylinux2010_x86_64.whl", hash = "sha256:833e1551925ed51e6b44c800e71e77dacd7e49181fdc9ac9a0bf3714d515785d"},
    {file = "greenlet-1.1.2-cp27-cp27m-win32.whl", hash = "sha256:aa5b467f15e78b82257319aebc78dd2915e4c1436c3c0d1ad6f53e47ba6e2713"},
    {file = "greenlet-1.1.2-cp27-cp27m-win_amd64.whl", hash = "sha256:40b951f601af999a8bf2ce8c71e8aaa4e8c6f78ff8afae7b808aae2dc50d4c40"},
    {file = "greenlet-1.1.2-cp27-cp27mu-manylinux1_x86_64.whl", hash = "sha256:95e69877983ea39b7303570fa6760f81a3eec23d0e3ab2021b7144b94d06202d"},
    {file = "greenlet-1.1.2-cp27-cp27mu-manylinux2010_x86_64.whl", hash = "sha256:356b3576ad078c89a6107caa9c50cc14e98e3a6c4874a37c3e0273e4baf33de8"},
    {file = "greenlet-1.1.2-cp310-cp310-macosx_10_14_x86_64.whl", hash = "sha256:8639cadfda96737427330a094476d4c7a56ac03de7265622fcf4cfe57c8ae18d"},
    {file = "greenlet-1.1.2-cp310-cp310-manylinux_2_17_aarch64.manylinux2014_aarch64.whl", hash = "sha256:97e5306482182170ade15c4b0d8386ded995a07d7cc2ca8f27958d34d6736497"},
    {file = "greenlet-1.1.2-cp310-cp310-manylinux_2_17_ppc64le.manylinux2014_ppc64le.whl", hash = "sha256:e6a36bb9474218c7a5b27ae476035497a6990e21d04c279884eb10d9b290f1b1"},
    {file = "greenlet-1.1.2-cp310-cp310-manylinux_2_17_x86_64.manylinux2014_x86_64.whl", hash = "sha256:abb7a75ed8b968f3061327c433a0fbd17b729947b400747c334a9c29a9af6c58"},
    {file = "greenlet-1.1.2-cp310-cp310-musllinux_1_1_x86_64.whl", hash = "sha256:b336501a05e13b616ef81ce329c0e09ac5ed8c732d9ba7e3e983fcc1a9e86965"},
    {file = "greenlet-1.1.2-cp310-cp310-win_amd64.whl", hash = "sha256:14d4f3cd4e8b524ae9b8aa567858beed70c392fdec26dbdb0a8a418392e71708"},
    {file = "greenlet-1.1.2-cp35-cp35m-macosx_10_14_x86_64.whl", hash = "sha256:17ff94e7a83aa8671a25bf5b59326ec26da379ace2ebc4411d690d80a7fbcf23"},
    {file = "greenlet-1.1.2-cp35-cp35m-manylinux1_x86_64.whl", hash = "sha256:9f3cba480d3deb69f6ee2c1825060177a22c7826431458c697df88e6aeb3caee"},
    {file = "greenlet-1.1.2-cp35-cp35m-manylinux2010_x86_64.whl", hash = "sha256:fa877ca7f6b48054f847b61d6fa7bed5cebb663ebc55e018fda12db09dcc664c"},
    {file = "greenlet-1.1.2-cp35-cp35m-win32.whl", hash = "sha256:7cbd7574ce8e138bda9df4efc6bf2ab8572c9aff640d8ecfece1b006b68da963"},
    {file = "greenlet-1.1.2-cp35-cp35m-win_amd64.whl", hash = "sha256:903bbd302a2378f984aef528f76d4c9b1748f318fe1294961c072bdc7f2ffa3e"},
    {file = "greenlet-1.1.2-cp36-cp36m-macosx_10_14_x86_64.whl", hash = "sha256:049fe7579230e44daef03a259faa24511d10ebfa44f69411d99e6a184fe68073"},
    {file = "greenlet-1.1.2-cp36-cp36m-manylinux1_x86_64.whl", hash = "sha256:dd0b1e9e891f69e7675ba5c92e28b90eaa045f6ab134ffe70b52e948aa175b3c"},
    {file = "greenlet-1.1.2-cp36-cp36m-manylinux2010_x86_64.whl", hash = "sha256:7418b6bfc7fe3331541b84bb2141c9baf1ec7132a7ecd9f375912eca810e714e"},
    {file = "greenlet-1.1.2-cp36-cp36m-manylinux_2_17_aarch64.manylinux2014_aarch64.whl", hash = "sha256:f9d29ca8a77117315101425ec7ec2a47a22ccf59f5593378fc4077ac5b754fce"},
    {file = "greenlet-1.1.2-cp36-cp36m-manylinux_2_17_ppc64le.manylinux2014_ppc64le.whl", hash = "sha256:21915eb821a6b3d9d8eefdaf57d6c345b970ad722f856cd71739493ce003ad08"},
    {file = "greenlet-1.1.2-cp36-cp36m-manylinux_2_17_x86_64.manylinux2014_x86_64.whl", hash = "sha256:eff9d20417ff9dcb0d25e2defc2574d10b491bf2e693b4e491914738b7908168"},
    {file = "greenlet-1.1.2-cp36-cp36m-musllinux_1_1_x86_64.whl", hash = "sha256:b8c008de9d0daba7b6666aa5bbfdc23dcd78cafc33997c9b7741ff6353bafb7f"},
    {file = "greenlet-1.1.2-cp36-cp36m-win32.whl", hash = "sha256:32ca72bbc673adbcfecb935bb3fb1b74e663d10a4b241aaa2f5a75fe1d1f90aa"},
    {file = "greenlet-1.1.2-cp36-cp36m-win_amd64.whl", hash = "sha256:f0214eb2a23b85528310dad848ad2ac58e735612929c8072f6093f3585fd342d"},
    {file = "greenlet-1.1.2-cp37-cp37m-macosx_10_14_x86_64.whl", hash = "sha256:b92e29e58bef6d9cfd340c72b04d74c4b4e9f70c9fa7c78b674d1fec18896dc4"},
    {file = "greenlet-1.1.2-cp37-cp37m-manylinux1_x86_64.whl", hash = "sha256:fdcec0b8399108577ec290f55551d926d9a1fa6cad45882093a7a07ac5ec147b"},
    {file = "greenlet-1.1.2-cp37-cp37m-manylinux2010_x86_64.whl", hash = "sha256:93f81b134a165cc17123626ab8da2e30c0455441d4ab5576eed73a64c025b25c"},
    {file = "greenlet-1.1.2-cp37-cp37m-manylinux_2_17_aarch64.manylinux2014_aarch64.whl", hash = "sha256:1e12bdc622676ce47ae9abbf455c189e442afdde8818d9da983085df6312e7a1"},
    {file = "greenlet-1.1.2-cp37-cp37m-manylinux_2_17_ppc64le.manylinux2014_ppc64le.whl", hash = "sha256:8c790abda465726cfb8bb08bd4ca9a5d0a7bd77c7ac1ca1b839ad823b948ea28"},
    {file = "greenlet-1.1.2-cp37-cp37m-manylinux_2_17_x86_64.manylinux2014_x86_64.whl", hash = "sha256:f276df9830dba7a333544bd41070e8175762a7ac20350786b322b714b0e654f5"},
    {file = "greenlet-1.1.2-cp37-cp37m-musllinux_1_1_x86_64.whl", hash = "sha256:8c5d5b35f789a030ebb95bff352f1d27a93d81069f2adb3182d99882e095cefe"},
    {file = "greenlet-1.1.2-cp37-cp37m-win32.whl", hash = "sha256:64e6175c2e53195278d7388c454e0b30997573f3f4bd63697f88d855f7a6a1fc"},
    {file = "greenlet-1.1.2-cp37-cp37m-win_amd64.whl", hash = "sha256:b11548073a2213d950c3f671aa88e6f83cda6e2fb97a8b6317b1b5b33d850e06"},
    {file = "greenlet-1.1.2-cp38-cp38-macosx_10_14_x86_64.whl", hash = "sha256:9633b3034d3d901f0a46b7939f8c4d64427dfba6bbc5a36b1a67364cf148a1b0"},
    {file = "greenlet-1.1.2-cp38-cp38-manylinux1_x86_64.whl", hash = "sha256:eb6ea6da4c787111adf40f697b4e58732ee0942b5d3bd8f435277643329ba627"},
    {file = "greenlet-1.1.2-cp38-cp38-manylinux2010_x86_64.whl", hash = "sha256:f3acda1924472472ddd60c29e5b9db0cec629fbe3c5c5accb74d6d6d14773478"},
    {file = "greenlet-1.1.2-cp38-cp38-manylinux_2_17_aarch64.manylinux2014_aarch64.whl", hash = "sha256:e859fcb4cbe93504ea18008d1df98dee4f7766db66c435e4882ab35cf70cac43"},
    {file = "greenlet-1.1.2-cp38-cp38-manylinux_2_17_ppc64le.manylinux2014_ppc64le.whl", hash = "sha256:00e44c8afdbe5467e4f7b5851be223be68adb4272f44696ee71fe46b7036a711"},
    {file = "greenlet-1.1.2-cp38-cp38-manylinux_2_17_x86_64.manylinux2014_x86_64.whl", hash = "sha256:ec8c433b3ab0419100bd45b47c9c8551248a5aee30ca5e9d399a0b57ac04651b"},
    {file = "greenlet-1.1.2-cp38-cp38-musllinux_1_1_x86_64.whl", hash = "sha256:2bde6792f313f4e918caabc46532aa64aa27a0db05d75b20edfc5c6f46479de2"},
    {file = "greenlet-1.1.2-cp38-cp38-win32.whl", hash = "sha256:288c6a76705dc54fba69fbcb59904ae4ad768b4c768839b8ca5fdadec6dd8cfd"},
    {file = "greenlet-1.1.2-cp38-cp38-win_amd64.whl", hash = "sha256:8d2f1fb53a421b410751887eb4ff21386d119ef9cde3797bf5e7ed49fb51a3b3"},
    {file = "greenlet-1.1.2-cp39-cp39-macosx_10_14_x86_64.whl", hash = "sha256:166eac03e48784a6a6e0e5f041cfebb1ab400b394db188c48b3a84737f505b67"},
    {file = "greenlet-1.1.2-cp39-cp39-manylinux1_x86_64.whl", hash = "sha256:572e1787d1460da79590bf44304abbc0a2da944ea64ec549188fa84d89bba7ab"},
    {file = "greenlet-1.1.2-cp39-cp39-manylinux2010_x86_64.whl", hash = "sha256:be5f425ff1f5f4b3c1e33ad64ab994eed12fc284a6ea71c5243fd564502ecbe5"},
    {file = "greenlet-1.1.2-cp39-cp39-manylinux_2_17_aarch64.manylinux2014_aarch64.whl", hash = "sha256:b1692f7d6bc45e3200844be0dba153612103db241691088626a33ff1f24a0d88"},
    {file = "greenlet-1.1.2-cp39-cp39-manylinux_2_17_ppc64le.manylinux2014_ppc64le.whl", hash = "sha256:7227b47e73dedaa513cdebb98469705ef0d66eb5a1250144468e9c3097d6b59b"},
    {file = "greenlet-1.1.2-cp39-cp39-manylinux_2_17_x86_64.manylinux2014_x86_64.whl", hash = "sha256:7ff61ff178250f9bb3cd89752df0f1dd0e27316a8bd1465351652b1b4a4cdfd3"},
    {file = "greenlet-1.1.2-cp39-cp39-musllinux_1_1_x86_64.whl", hash = "sha256:0051c6f1f27cb756ffc0ffbac7d2cd48cb0362ac1736871399a739b2885134d3"},
    {file = "greenlet-1.1.2-cp39-cp39-win32.whl", hash = "sha256:f70a9e237bb792c7cc7e44c531fd48f5897961701cdaa06cf22fc14965c496cf"},
    {file = "greenlet-1.1.2-cp39-cp39-win_amd64.whl", hash = "sha256:013d61294b6cd8fe3242932c1c5e36e5d1db2c8afb58606c5a67efce62c1f5fd"},
    {file = "greenlet-1.1.2.tar.gz", hash = "sha256:e30f5ea4ae2346e62cedde8794a56858a67b878dd79f7df76a0767e356b1744a"},
]
importlib-metadata = [
    {file = "importlib_metadata-4.2.0-py3-none-any.whl", hash = "sha256:057e92c15bc8d9e8109738a48db0ccb31b4d9d5cfbee5a8670879a30be66304b"},
    {file = "importlib_metadata-4.2.0.tar.gz", hash = "sha256:b7e52a1f8dec14a75ea73e0891f3060099ca1d8e6a462a4dff11c3e119ea1b31"},
]
lxml = [
    {file = "lxml-4.7.1-cp27-cp27m-macosx_10_14_x86_64.whl", hash = "sha256:d546431636edb1d6a608b348dd58cc9841b81f4116745857b6cb9f8dadb2725f"},
    {file = "lxml-4.7.1-cp27-cp27m-manylinux_2_5_i686.manylinux1_i686.whl", hash = "sha256:6308062534323f0d3edb4e702a0e26a76ca9e0e23ff99be5d82750772df32a9e"},
    {file = "lxml-4.7.1-cp27-cp27m-manylinux_2_5_x86_64.manylinux1_x86_64.whl", hash = "sha256:f76dbe44e31abf516114f6347a46fa4e7c2e8bceaa4b6f7ee3a0a03c8eba3c17"},
    {file = "lxml-4.7.1-cp27-cp27m-win32.whl", hash = "sha256:d5618d49de6ba63fe4510bdada62d06a8acfca0b4b5c904956c777d28382b419"},
    {file = "lxml-4.7.1-cp27-cp27m-win_amd64.whl", hash = "sha256:9393a05b126a7e187f3e38758255e0edf948a65b22c377414002d488221fdaa2"},
    {file = "lxml-4.7.1-cp27-cp27mu-manylinux_2_5_i686.manylinux1_i686.whl", hash = "sha256:50d3dba341f1e583265c1a808e897b4159208d814ab07530202b6036a4d86da5"},
    {file = "lxml-4.7.1-cp27-cp27mu-manylinux_2_5_x86_64.manylinux1_x86_64.whl", hash = "sha256:44f552e0da3c8ee3c28e2eb82b0b784200631687fc6a71277ea8ab0828780e7d"},
    {file = "lxml-4.7.1-cp310-cp310-macosx_10_14_x86_64.whl", hash = "sha256:e662c6266e3a275bdcb6bb049edc7cd77d0b0f7e119a53101d367c841afc66dc"},
    {file = "lxml-4.7.1-cp310-cp310-manylinux_2_12_i686.manylinux2010_i686.manylinux_2_24_i686.whl", hash = "sha256:4c093c571bc3da9ebcd484e001ba18b8452903cd428c0bc926d9b0141bcb710e"},
    {file = "lxml-4.7.1-cp310-cp310-manylinux_2_17_aarch64.manylinux2014_aarch64.manylinux_2_24_aarch64.whl", hash = "sha256:3e26ad9bc48d610bf6cc76c506b9e5ad9360ed7a945d9be3b5b2c8535a0145e3"},
    {file = "lxml-4.7.1-cp310-cp310-manylinux_2_17_x86_64.manylinux2014_x86_64.manylinux_2_24_x86_64.whl", hash = "sha256:a5f623aeaa24f71fce3177d7fee875371345eb9102b355b882243e33e04b7175"},
    {file = "lxml-4.7.1-cp310-cp310-musllinux_1_1_x86_64.whl", hash = "sha256:7b5e2acefd33c259c4a2e157119c4373c8773cf6793e225006a1649672ab47a6"},
    {file = "lxml-4.7.1-cp310-cp310-win32.whl", hash = "sha256:67fa5f028e8a01e1d7944a9fb616d1d0510d5d38b0c41708310bd1bc45ae89f6"},
    {file = "lxml-4.7.1-cp310-cp310-win_amd64.whl", hash = "sha256:b1d381f58fcc3e63fcc0ea4f0a38335163883267f77e4c6e22d7a30877218a0e"},
    {file = "lxml-4.7.1-cp35-cp35m-manylinux_2_5_i686.manylinux1_i686.whl", hash = "sha256:38d9759733aa04fb1697d717bfabbedb21398046bd07734be7cccc3d19ea8675"},
    {file = "lxml-4.7.1-cp35-cp35m-manylinux_2_5_x86_64.manylinux1_x86_64.whl", hash = "sha256:dfd0d464f3d86a1460683cd742306d1138b4e99b79094f4e07e1ca85ee267fe7"},
    {file = "lxml-4.7.1-cp35-cp35m-win32.whl", hash = "sha256:534e946bce61fd162af02bad7bfd2daec1521b71d27238869c23a672146c34a5"},
    {file = "lxml-4.7.1-cp35-cp35m-win_amd64.whl", hash = "sha256:6ec829058785d028f467be70cd195cd0aaf1a763e4d09822584ede8c9eaa4b03"},
    {file = "lxml-4.7.1-cp36-cp36m-macosx_10_14_x86_64.whl", hash = "sha256:ade74f5e3a0fd17df5782896ddca7ddb998845a5f7cd4b0be771e1ffc3b9aa5b"},
    {file = "lxml-4.7.1-cp36-cp36m-manylinux_2_12_i686.manylinux2010_i686.manylinux_2_24_i686.whl", hash = "sha256:41358bfd24425c1673f184d7c26c6ae91943fe51dfecc3603b5e08187b4bcc55"},
    {file = "lxml-4.7.1-cp36-cp36m-manylinux_2_17_x86_64.manylinux2014_x86_64.manylinux_2_24_x86_64.whl", hash = "sha256:6e56521538f19c4a6690f439fefed551f0b296bd785adc67c1777c348beb943d"},
    {file = "lxml-4.7.1-cp36-cp36m-manylinux_2_5_i686.manylinux1_i686.whl", hash = "sha256:5b0f782f0e03555c55e37d93d7a57454efe7495dab33ba0ccd2dbe25fc50f05d"},
    {file = "lxml-4.7.1-cp36-cp36m-manylinux_2_5_x86_64.manylinux1_x86_64.whl", hash = "sha256:490712b91c65988012e866c411a40cc65b595929ececf75eeb4c79fcc3bc80a6"},
    {file = "lxml-4.7.1-cp36-cp36m-musllinux_1_1_x86_64.whl", hash = "sha256:34c22eb8c819d59cec4444d9eebe2e38b95d3dcdafe08965853f8799fd71161d"},
    {file = "lxml-4.7.1-cp36-cp36m-win32.whl", hash = "sha256:2a906c3890da6a63224d551c2967413b8790a6357a80bf6b257c9a7978c2c42d"},
    {file = "lxml-4.7.1-cp36-cp36m-win_amd64.whl", hash = "sha256:36b16fecb10246e599f178dd74f313cbdc9f41c56e77d52100d1361eed24f51a"},
    {file = "lxml-4.7.1-cp37-cp37m-macosx_10_14_x86_64.whl", hash = "sha256:a5edc58d631170de90e50adc2cc0248083541affef82f8cd93bea458e4d96db8"},
    {file = "lxml-4.7.1-cp37-cp37m-manylinux_2_12_i686.manylinux2010_i686.manylinux_2_24_i686.whl", hash = "sha256:87c1b0496e8c87ec9db5383e30042357b4839b46c2d556abd49ec770ce2ad868"},
    {file = "lxml-4.7.1-cp37-cp37m-manylinux_2_17_aarch64.manylinux2014_aarch64.manylinux_2_24_aarch64.whl", hash = "sha256:0a5f0e4747f31cff87d1eb32a6000bde1e603107f632ef4666be0dc065889c7a"},
    {file = "lxml-4.7.1-cp37-cp37m-manylinux_2_17_x86_64.manylinux2014_x86_64.manylinux_2_24_x86_64.whl", hash = "sha256:bf6005708fc2e2c89a083f258b97709559a95f9a7a03e59f805dd23c93bc3986"},
    {file = "lxml-4.7.1-cp37-cp37m-manylinux_2_5_i686.manylinux1_i686.whl", hash = "sha256:fc15874816b9320581133ddc2096b644582ab870cf6a6ed63684433e7af4b0d3"},
    {file = "lxml-4.7.1-cp37-cp37m-manylinux_2_5_x86_64.manylinux1_x86_64.whl", hash = "sha256:0b5e96e25e70917b28a5391c2ed3ffc6156513d3db0e1476c5253fcd50f7a944"},
    {file = "lxml-4.7.1-cp37-cp37m-musllinux_1_1_x86_64.whl", hash = "sha256:ec9027d0beb785a35aa9951d14e06d48cfbf876d8ff67519403a2522b181943b"},
    {file = "lxml-4.7.1-cp37-cp37m-win32.whl", hash = "sha256:9fbc0dee7ff5f15c4428775e6fa3ed20003140560ffa22b88326669d53b3c0f4"},
    {file = "lxml-4.7.1-cp37-cp37m-win_amd64.whl", hash = "sha256:1104a8d47967a414a436007c52f533e933e5d52574cab407b1e49a4e9b5ddbd1"},
    {file = "lxml-4.7.1-cp38-cp38-macosx_10_14_x86_64.whl", hash = "sha256:fc9fb11b65e7bc49f7f75aaba1b700f7181d95d4e151cf2f24d51bfd14410b77"},
    {file = "lxml-4.7.1-cp38-cp38-manylinux_2_12_i686.manylinux2010_i686.manylinux_2_24_i686.whl", hash = "sha256:317bd63870b4d875af3c1be1b19202de34c32623609ec803b81c99193a788c1e"},
    {file = "lxml-4.7.1-cp38-cp38-manylinux_2_17_aarch64.manylinux2014_aarch64.manylinux_2_24_aarch64.whl", hash = "sha256:610807cea990fd545b1559466971649e69302c8a9472cefe1d6d48a1dee97440"},
    {file = "lxml-4.7.1-cp38-cp38-manylinux_2_17_x86_64.manylinux2014_x86_64.manylinux_2_24_x86_64.whl", hash = "sha256:09b738360af8cb2da275998a8bf79517a71225b0de41ab47339c2beebfff025f"},
    {file = "lxml-4.7.1-cp38-cp38-manylinux_2_5_i686.manylinux1_i686.whl", hash = "sha256:6a2ab9d089324d77bb81745b01f4aeffe4094306d939e92ba5e71e9a6b99b71e"},
    {file = "lxml-4.7.1-cp38-cp38-manylinux_2_5_x86_64.manylinux1_x86_64.whl", hash = "sha256:eed394099a7792834f0cb4a8f615319152b9d801444c1c9e1b1a2c36d2239f9e"},
    {file = "lxml-4.7.1-cp38-cp38-musllinux_1_1_x86_64.whl", hash = "sha256:735e3b4ce9c0616e85f302f109bdc6e425ba1670a73f962c9f6b98a6d51b77c9"},
    {file = "lxml-4.7.1-cp38-cp38-win32.whl", hash = "sha256:772057fba283c095db8c8ecde4634717a35c47061d24f889468dc67190327bcd"},
    {file = "lxml-4.7.1-cp38-cp38-win_amd64.whl", hash = "sha256:13dbb5c7e8f3b6a2cf6e10b0948cacb2f4c9eb05029fe31c60592d08ac63180d"},
    {file = "lxml-4.7.1-cp39-cp39-macosx_10_14_x86_64.whl", hash = "sha256:718d7208b9c2d86aaf0294d9381a6acb0158b5ff0f3515902751404e318e02c9"},
    {file = "lxml-4.7.1-cp39-cp39-manylinux_2_12_i686.manylinux2010_i686.manylinux_2_24_i686.whl", hash = "sha256:5bee1b0cbfdb87686a7fb0e46f1d8bd34d52d6932c0723a86de1cc532b1aa489"},
    {file = "lxml-4.7.1-cp39-cp39-manylinux_2_17_aarch64.manylinux2014_aarch64.manylinux_2_24_aarch64.whl", hash = "sha256:e410cf3a2272d0a85526d700782a2fa92c1e304fdcc519ba74ac80b8297adf36"},
    {file = "lxml-4.7.1-cp39-cp39-manylinux_2_17_x86_64.manylinux2014_x86_64.manylinux_2_24_x86_64.whl", hash = "sha256:585ea241ee4961dc18a95e2f5581dbc26285fcf330e007459688096f76be8c42"},
    {file = "lxml-4.7.1-cp39-cp39-manylinux_2_5_i686.manylinux1_i686.whl", hash = "sha256:a555e06566c6dc167fbcd0ad507ff05fd9328502aefc963cb0a0547cfe7f00db"},
    {file = "lxml-4.7.1-cp39-cp39-manylinux_2_5_x86_64.manylinux1_x86_64.whl", hash = "sha256:adaab25be351fff0d8a691c4f09153647804d09a87a4e4ea2c3f9fe9e8651851"},
    {file = "lxml-4.7.1-cp39-cp39-musllinux_1_1_x86_64.whl", hash = "sha256:82d16a64236970cb93c8d63ad18c5b9f138a704331e4b916b2737ddfad14e0c4"},
    {file = "lxml-4.7.1-cp39-cp39-win32.whl", hash = "sha256:59e7da839a1238807226f7143c68a479dee09244d1b3cf8c134f2fce777d12d0"},
    {file = "lxml-4.7.1-cp39-cp39-win_amd64.whl", hash = "sha256:a1bbc4efa99ed1310b5009ce7f3a1784698082ed2c1ef3895332f5df9b3b92c2"},
    {file = "lxml-4.7.1-pp37-pypy37_pp73-macosx_10_14_x86_64.whl", hash = "sha256:0607ff0988ad7e173e5ddf7bf55ee65534bd18a5461183c33e8e41a59e89edf4"},
    {file = "lxml-4.7.1-pp37-pypy37_pp73-manylinux_2_12_i686.manylinux2010_i686.manylinux_2_24_i686.whl", hash = "sha256:6c198bfc169419c09b85ab10cb0f572744e686f40d1e7f4ed09061284fc1303f"},
    {file = "lxml-4.7.1-pp37-pypy37_pp73-manylinux_2_17_x86_64.manylinux2014_x86_64.manylinux_2_24_x86_64.whl", hash = "sha256:a58d78653ae422df6837dd4ca0036610b8cb4962b5cfdbd337b7b24de9e5f98a"},
    {file = "lxml-4.7.1-pp38-pypy38_pp73-macosx_10_14_x86_64.whl", hash = "sha256:e18281a7d80d76b66a9f9e68a98cf7e1d153182772400d9a9ce855264d7d0ce7"},
    {file = "lxml-4.7.1-pp38-pypy38_pp73-manylinux_2_12_i686.manylinux2010_i686.manylinux_2_24_i686.whl", hash = "sha256:8e54945dd2eeb50925500957c7c579df3cd07c29db7810b83cf30495d79af267"},
    {file = "lxml-4.7.1-pp38-pypy38_pp73-manylinux_2_17_x86_64.manylinux2014_x86_64.manylinux_2_24_x86_64.whl", hash = "sha256:447d5009d6b5447b2f237395d0018901dcc673f7d9f82ba26c1b9f9c3b444b60"},
    {file = "lxml-4.7.1.tar.gz", hash = "sha256:a1613838aa6b89af4ba10a0f3a972836128801ed008078f8c1244e65958f1b24"},
]
mccabe = [
    {file = "mccabe-0.6.1-py2.py3-none-any.whl", hash = "sha256:ab8a6258860da4b6677da4bd2fe5dc2c659cff31b3ee4f7f5d64e79735b80d42"},
    {file = "mccabe-0.6.1.tar.gz", hash = "sha256:dd8d182285a0fe56bace7f45b5e7d1a6ebcbf524e8f3bd87eb0f125271b8831f"},
]
nose = [
    {file = "nose-1.3.7-py2-none-any.whl", hash = "sha256:dadcddc0aefbf99eea214e0f1232b94f2fa9bd98fa8353711dacb112bfcbbb2a"},
    {file = "nose-1.3.7-py3-none-any.whl", hash = "sha256:9ff7c6cc443f8c51994b34a667bbcf45afd6d945be7477b52e97516fd17c53ac"},
    {file = "nose-1.3.7.tar.gz", hash = "sha256:f1bffef9cbc82628f6e7d7b40d7e255aefaa1adb6a1b1d26c69a8b79e6208a98"},
]
psycopg2 = [
    {file = "psycopg2-2.9.2-cp310-cp310-win32.whl", hash = "sha256:6796ac614412ce374587147150e56d03b7845c9e031b88aacdcadc880e81bb38"},
    {file = "psycopg2-2.9.2-cp310-cp310-win_amd64.whl", hash = "sha256:dfc32db6ce9ecc35a131320888b547199f79822b028934bb5b332f4169393e15"},
    {file = "psycopg2-2.9.2-cp36-cp36m-win32.whl", hash = "sha256:77d09a79f9739b97099d2952bbbf18eaa4eaf825362387acbb9552ec1b3fa228"},
    {file = "psycopg2-2.9.2-cp36-cp36m-win_amd64.whl", hash = "sha256:f65cba7924363e0d2f416041b48ff69d559548f2cb168ff972c54e09e1e64db8"},
    {file = "psycopg2-2.9.2-cp37-cp37m-win32.whl", hash = "sha256:b8816c6410fa08d2a022e4e38d128bae97c1855e176a00493d6ec62ccd606d57"},
    {file = "psycopg2-2.9.2-cp37-cp37m-win_amd64.whl", hash = "sha256:26322c3f114de1f60c1b0febf8fdd595c221b4f624524178f515d07350a71bd1"},
    {file = "psycopg2-2.9.2-cp38-cp38-win32.whl", hash = "sha256:77b9105ef37bc005b8ffbcb1ed6d8685bb0e8ce84773738aa56421a007ec5a7a"},
    {file = "psycopg2-2.9.2-cp38-cp38-win_amd64.whl", hash = "sha256:91c7fd0fe9e6c118e8ff5b665bc3445781d3615fa78e131d0b4f8c85e8ca9ec8"},
    {file = "psycopg2-2.9.2-cp39-cp39-win32.whl", hash = "sha256:a761b60da0ecaf6a9866985bcde26327883ac3cdb90535ab68b8d784f02b05ef"},
    {file = "psycopg2-2.9.2-cp39-cp39-win_amd64.whl", hash = "sha256:fd7ddab7d6afee4e21c03c648c8b667b197104713e57ec404d5b74097af21e31"},
    {file = "psycopg2-2.9.2.tar.gz", hash = "sha256:a84da9fa891848e0270e8e04dcca073bc9046441eeb47069f5c0e36783debbea"},
]
pycodestyle = [
    {file = "pycodestyle-2.8.0-py2.py3-none-any.whl", hash = "sha256:720f8b39dde8b293825e7ff02c475f3077124006db4f440dcbc9a20b76548a20"},
    {file = "pycodestyle-2.8.0.tar.gz", hash = "sha256:eddd5847ef438ea1c7870ca7eb78a9d47ce0cdb4851a5523949f2601d0cbbe7f"},
]
pyflakes = [
    {file = "pyflakes-2.4.0-py2.py3-none-any.whl", hash = "sha256:3bb3a3f256f4b7968c9c788781e4ff07dce46bdf12339dcda61053375426ee2e"},
    {file = "pyflakes-2.4.0.tar.gz", hash = "sha256:05a85c2872edf37a4ed30b0cce2f6093e1d0581f8c19d7393122da7e25b2b24c"},
]
six = [
    {file = "six-1.16.0-py2.py3-none-any.whl", hash = "sha256:8abb2f1d86890a2dfb989f9a77cfcfd3e47c2a354b01111771326f8aa26e0254"},
    {file = "six-1.16.0.tar.gz", hash = "sha256:1e61c37477a1626458e36f7b1d82aa5c9b094fa4802892072e49de9c60c4c926"},
]
sqlalchemy = [
    {file = "SQLAlchemy-1.4.29-cp27-cp27m-macosx_10_14_x86_64.whl", hash = "sha256:da64423c05256f4ab8c0058b90202053b201cbe3a081f3a43eb590cd554395ab"},
    {file = "SQLAlchemy-1.4.29-cp27-cp27m-manylinux_2_5_x86_64.manylinux1_x86_64.whl", hash = "sha256:0fc4eec2f46b40bdd42112b3be3fbbf88e194bcf02950fbb88bcdc1b32f07dc7"},
    {file = "SQLAlchemy-1.4.29-cp27-cp27m-win32.whl", hash = "sha256:101d2e100ba9182c9039699588e0b2d833c54b3bad46c67c192159876c9f27ea"},
    {file = "SQLAlchemy-1.4.29-cp27-cp27m-win_amd64.whl", hash = "sha256:ceac84dd9abbbe115e8be0c817bed85d9fa639b4d294e7817f9e61162d5f766c"},
    {file = "SQLAlchemy-1.4.29-cp27-cp27mu-manylinux_2_5_x86_64.manylinux1_x86_64.whl", hash = "sha256:15b65887b6c324cad638c7671cb95985817b733242a7eb69edd7cdf6953be1e0"},
    {file = "SQLAlchemy-1.4.29-cp310-cp310-macosx_10_14_x86_64.whl", hash = "sha256:78abc507d17753ed434b6cc0c0693126279723d5656d9775bfcac966a99a899b"},
    {file = "SQLAlchemy-1.4.29-cp310-cp310-manylinux_2_17_aarch64.manylinux2014_aarch64.whl", hash = "sha256:eb8c993706e86178ce15a6b86a335a2064f52254b640e7f53365e716423d33f4"},
    {file = "SQLAlchemy-1.4.29-cp310-cp310-manylinux_2_5_x86_64.manylinux1_x86_64.manylinux_2_12_x86_64.manylinux2010_x86_64.whl", hash = "sha256:804e22d5b6165a4f3f019dd9c94bec5687de985a9c54286b93ded9f7846b8c82"},
    {file = "SQLAlchemy-1.4.29-cp310-cp310-manylinux_2_5_x86_64.manylinux1_x86_64.manylinux_2_17_x86_64.manylinux2014_x86_64.whl", hash = "sha256:56d9d62021946263d4478c9ca012fbd1805f10994cb615c88e7bfd1ae14604d8"},
    {file = "SQLAlchemy-1.4.29-cp310-cp310-win32.whl", hash = "sha256:027f356c727db24f3c75828c7feb426f87ce1241242d08958e454bd025810660"},
    {file = "SQLAlchemy-1.4.29-cp310-cp310-win_amd64.whl", hash = "sha256:debaf09a823061f88a8dee04949814cf7e82fb394c5bca22c780cb03172ca23b"},
    {file = "SQLAlchemy-1.4.29-cp36-cp36m-macosx_10_14_x86_64.whl", hash = "sha256:dc27dcc6c72eb38be7f144e9c2c4372d35a3684d3a6dd43bd98c1238358ee17c"},
    {file = "SQLAlchemy-1.4.29-cp36-cp36m-manylinux_2_17_aarch64.manylinux2014_aarch64.whl", hash = "sha256:e4ddd4f2e247128c58bb3dd4489922874afce157d2cff0b2295d67fcd0f22494"},
    {file = "SQLAlchemy-1.4.29-cp36-cp36m-manylinux_2_5_x86_64.manylinux1_x86_64.manylinux_2_12_x86_64.manylinux2010_x86_64.whl", hash = "sha256:9ce960a1dc60524136cf6f75621588e2508a117e04a6e3eedb0968bd13b8c824"},
    {file = "SQLAlchemy-1.4.29-cp36-cp36m-manylinux_2_5_x86_64.manylinux1_x86_64.manylinux_2_17_x86_64.manylinux2014_x86_64.whl", hash = "sha256:5919e647e1d4805867ea556ed4967c68b4d8b266059fa35020dbaed8ffdd60f3"},
    {file = "SQLAlchemy-1.4.29-cp36-cp36m-win32.whl", hash = "sha256:886359f734b95ad1ef443b13bb4518bcade4db4f9553c9ce33d6d04ebda8d44e"},
    {file = "SQLAlchemy-1.4.29-cp36-cp36m-win_amd64.whl", hash = "sha256:e9cc6d844e24c307c3272677982a9b33816aeb45e4977791c3bdd47637a8d810"},
    {file = "SQLAlchemy-1.4.29-cp37-cp37m-macosx_10_14_x86_64.whl", hash = "sha256:5e9cd33459afa69c88fa648e803d1f1245e3caa60bfe8b80a9595e5edd3bda9c"},
    {file = "SQLAlchemy-1.4.29-cp37-cp37m-manylinux_2_17_aarch64.manylinux2014_aarch64.whl", hash = "sha256:eeaebceb24b46e884c4ad3c04f37feb178b81f6ce720af19bfa2592ca32fdef7"},
    {file = "SQLAlchemy-1.4.29-cp37-cp37m-manylinux_2_5_x86_64.manylinux1_x86_64.manylinux_2_12_x86_64.manylinux2010_x86_64.whl", hash = "sha256:e89347d3bd2ef873832b47e85f4bbd810a5e626c5e749d90a07638da100eb1c8"},
    {file = "SQLAlchemy-1.4.29-cp37-cp37m-manylinux_2_5_x86_64.manylinux1_x86_64.manylinux_2_17_x86_64.manylinux2014_x86_64.whl", hash = "sha256:5a717c2e70fd1bb477161c4cc85258e41d978584fbe5522613618195f7e87d9b"},
    {file = "SQLAlchemy-1.4.29-cp37-cp37m-win32.whl", hash = "sha256:f74d6c05d2d163464adbdfbc1ab85048cc15462ff7d134b8aed22bd521e1faa5"},
    {file = "SQLAlchemy-1.4.29-cp37-cp37m-win_amd64.whl", hash = "sha256:621854dbb4d2413c759a5571564170de45ef37299df52e78e62b42e2880192e1"},
    {file = "SQLAlchemy-1.4.29-cp38-cp38-macosx_10_14_x86_64.whl", hash = "sha256:f3909194751bb6cb7c5511dd18bcf77e6e3f0b31604ed4004dffa9461f71e737"},
    {file = "SQLAlchemy-1.4.29-cp38-cp38-manylinux_2_17_aarch64.manylinux2014_aarch64.whl", hash = "sha256:dd49d21d1f03c81fbec9080ecdc4486d5ddda67e7fbb75ebf48294465c022cdc"},
    {file = "SQLAlchemy-1.4.29-cp38-cp38-manylinux_2_5_x86_64.manylinux1_x86_64.manylinux_2_12_x86_64.manylinux2010_x86_64.whl", hash = "sha256:e5f6959466a42b6569774c257e55f9cd85200d5b0ba09f0f5d8b5845349c5822"},
    {file = "SQLAlchemy-1.4.29-cp38-cp38-manylinux_2_5_x86_64.manylinux1_x86_64.manylinux_2_17_x86_64.manylinux2014_x86_64.whl", hash = "sha256:0072f9887aabe66db23f818bbe950cfa1b6127c5cb769b00bcc07935b3adb0ad"},
    {file = "SQLAlchemy-1.4.29-cp38-cp38-win32.whl", hash = "sha256:ad618d687d26d4cbfa9c6fa6141d59e05bcdfc60cb6e1f1d3baa18d8c62fef5f"},
    {file = "SQLAlchemy-1.4.29-cp38-cp38-win_amd64.whl", hash = "sha256:878daecb6405e786b07f97e1c77a9cfbbbec17432e8a90c487967e32cfdecb33"},
    {file = "SQLAlchemy-1.4.29-cp39-cp39-macosx_10_14_x86_64.whl", hash = "sha256:e027bdf0a4cf6bd0a3ad3b998643ea374d7991bd117b90bf9982e41ceb742941"},
    {file = "SQLAlchemy-1.4.29-cp39-cp39-manylinux_2_17_aarch64.manylinux2014_aarch64.whl", hash = "sha256:c5de7adfb91d351f44062b8dedf29f49d4af7cb765be65816e79223a4e31062b"},
    {file = "SQLAlchemy-1.4.29-cp39-cp39-manylinux_2_5_x86_64.manylinux1_x86_64.manylinux_2_12_x86_64.manylinux2010_x86_64.whl", hash = "sha256:fbc6e63e481fa323036f305ada96a3362e1d60dd2bfa026cac10c3553e6880e9"},
    {file = "SQLAlchemy-1.4.29-cp39-cp39-manylinux_2_5_x86_64.manylinux1_x86_64.manylinux_2_17_x86_64.manylinux2014_x86_64.whl", hash = "sha256:7dd0502cb091660ad0d89c5e95a29825f37cde2a5249957838e975871fbffaad"},
    {file = "SQLAlchemy-1.4.29-cp39-cp39-win32.whl", hash = "sha256:37b46bfc4af3dc226acb6fa28ecd2e1fd223433dc5e15a2bad62bf0a0cbb4e8b"},
    {file = "SQLAlchemy-1.4.29-cp39-cp39-win_amd64.whl", hash = "sha256:08cfd35eecaba79be930c9bfd2e1f0c67a7e1314355d83a378f9a512b1cf7587"},
    {file = "SQLAlchemy-1.4.29.tar.gz", hash = "sha256:fa2bad14e1474ba649cfc969c1d2ec915dd3e79677f346bbfe08e93ef9020b39"},
]
sqlparse = [
    {file = "sqlparse-0.4.2-py3-none-any.whl", hash = "sha256:48719e356bb8b42991bdbb1e8b83223757b93789c00910a616a071910ca4a64d"},
    {file = "sqlparse-0.4.2.tar.gz", hash = "sha256:0c00730c74263a94e5a9919ade150dfc3b19c574389985446148402998287dae"},
]
typing-extensions = [
    {file = "typing_extensions-4.0.1-py3-none-any.whl", hash = "sha256:7f001e5ac290a0c0401508864c7ec868be4e701886d5b573a9528ed3973d9d3b"},
    {file = "typing_extensions-4.0.1.tar.gz", hash = "sha256:4ca091dea149f945ec56afb48dae714f21e8692ef22a395223bcd328961b6a0e"},
]
zipp = [
    {file = "zipp-3.6.0-py3-none-any.whl", hash = "sha256:9fe5ea21568a0a70e50f273397638d39b03353731e6cbbb3fd8502a33fec40bc"},
    {file = "zipp-3.6.0.tar.gz", hash = "sha256:71c644c5369f4a6e07636f0aa966270449561fcea2e3d6747b8d23efaa9d7832"},
]
